<?xml version="1.0" encoding="utf-8"?>
<Project ToolsVersion="4.0" xmlns="http://schemas.microsoft.com/developer/msbuild/2003">
  <ItemGroup>
    <Filter Include="resources">
      <UniqueIdentifier>{da51f4a7-53a8-44f9-ab6f-1007072ac534}</UniqueIdentifier>
    </Filter>
  </ItemGroup>
  <ItemGroup>
    <ClCompile Include="quit-playing-tarkov.cpp" />
  </ItemGroup>
  <ItemGroup>
    <Image Include="resources\app-icon.ico">
      <Filter>resources</Filter>
    </Image>
  </ItemGroup>
  <ItemGroup>
    <ResourceCompile Include="resources\quit-playing-tarkov.rc">
      <Filter>resources</Filter>
    </ResourceCompile>
  </ItemGroup>
  <ItemGroup>
    <ClInclude Include="resources\resource.h">
      <Filter>resources</Filter>
    </ClInclude>
  </ItemGroup>
</Project>